
Microsoft Visual Studio Solution File, Format Version 12.00
# Visual Studio 15
VisualStudioVersion = 15.0.27703.2026
MinimumVisualStudioVersion = 10.0.40219.1
Project("{FAE04EC0-301F-11D3-BF4B-00C04F79EFBC}") = "Academy", "Academy.csproj", "{ACAB5351-860F-4E59-9CBF-5374403C5CEC}"
EndProject
Global
	GlobalSection(SolutionConfigurationPlatforms) = preSolution
		Debug|ARM = Debug|ARM
		Debug|x64 = Debug|x64
		Debug|x86 = Debug|x86
		Release|ARM = Release|ARM
		Release|x64 = Release|x64
		Release|x86 = Release|x86
	EndGlobalSection
	GlobalSection(ProjectConfigurationPlatforms) = postSolution
		{ACAB5351-860F-4E59-9CBF-5374403C5CEC}.Debug|ARM.ActiveCfg = Debug|ARM
		{ACAB5351-860F-4E59-9CBF-5374403C5CEC}.Debug|ARM.Build.0 = Debug|ARM
		{ACAB5351-860F-4E59-9CBF-5374403C5CEC}.Debug|ARM.Deploy.0 = Debug|ARM
		{ACAB5351-860F-4E59-9CBF-5374403C5CEC}.Debug|x64.ActiveCfg = Debug|x64
		{ACAB5351-860F-4E59-9CBF-5374403C5CEC}.Debug|x64.Build.0 = Debug|x64
		{ACAB5351-860F-4E59-9CBF-5374403C5CEC}.Debug|x64.Deploy.0 = Debug|x64
		{ACAB5351-860F-4E59-9CBF-5374403C5CEC}.Debug|x86.ActiveCfg = Debug|x86
		{ACAB5351-860F-4E59-9CBF-5374403C5CEC}.Debug|x86.Build.0 = Debug|x86
		{ACAB5351-860F-4E59-9CBF-5374403C5CEC}.Debug|x86.Deploy.0 = Debug|x86
		{ACAB5351-860F-4E59-9CBF-5374403C5CEC}.Release|ARM.ActiveCfg = Release|ARM
		{ACAB5351-860F-4E59-9CBF-5374403C5CEC}.Release|ARM.Build.0 = Release|ARM
		{ACAB5351-860F-4E59-9CBF-5374403C5CEC}.Release|ARM.Deploy.0 = Release|ARM
		{ACAB5351-860F-4E59-9CBF-5374403C5CEC}.Release|x64.ActiveCfg = Release|x64
		{ACAB5351-860F-4E59-9CBF-5374403C5CEC}.Release|x64.Build.0 = Release|x64
		{ACAB5351-860F-4E59-9CBF-5374403C5CEC}.Release|x64.Deploy.0 = Release|x64
		{ACAB5351-860F-4E59-9CBF-5374403C5CEC}.Release|x86.ActiveCfg = Release|x86
		{ACAB5351-860F-4E59-9CBF-5374403C5CEC}.Release|x86.Build.0 = Release|x86
		{ACAB5351-860F-4E59-9CBF-5374403C5CEC}.Release|x86.Deploy.0 = Release|x86
	EndGlobalSection
	GlobalSection(SolutionProperties) = preSolution
		HideSolutionNode = FALSE
	EndGlobalSection
	GlobalSection(ExtensibilityGlobals) = postSolution
		SolutionGuid = {A9F5E231-8741-4084-9BB1-CBF964B662EB}
	EndGlobalSection
EndGlobal
